
Microsoft Visual Studio Solution File, Format Version 12.00
# Visual Studio Version 16
VisualStudioVersion = 16.0.31424.327
MinimumVisualStudioVersion = 10.0.40219.1
Project("{FAE04EC0-301F-11D3-BF4B-00C04F79EFBC}") = "MyStore.Entity", "MyStore.Entity\MyStore.Entity.csproj", "{EE70FA78-C71C-4822-818B-1A2AE124030C}"
EndProject
Project("{FAE04EC0-301F-11D3-BF4B-00C04F79EFBC}") = "MyStore.Repository", "MyStore.Repository\MyStore.Repository.csproj", "{5964358C-0564-4CDA-99DD-2C78EF50CF16}"
EndProject
Project("{FAE04EC0-301F-11D3-BF4B-00C04F79EFBC}") = "MyStore.Service", "MyStore.Service\MyStore.Service.csproj", "{08A85287-E7F5-48E6-9C5B-4BEFA81DE000}"
EndProject
Project("{FAE04EC0-301F-11D3-BF4B-00C04F79EFBC}") = "MyStore.Dto", "MyStore.Dto\MyStore.Dto.csproj", "{58E95EC8-8C08-4687-B4B3-45C61286A9B1}"
EndProject
Project("{FAE04EC0-301F-11D3-BF4B-00C04F79EFBC}") = "MyStore.WebApi", "MyStore.WebApi\MyStore.WebApi.csproj", "{CDB30EB0-87E8-4A3A-B714-3D14CD36410C}"
EndProject
Global
	GlobalSection(SolutionConfigurationPlatforms) = preSolution
		Debug|Any CPU = Debug|Any CPU
		Release|Any CPU = Release|Any CPU
	EndGlobalSection
	GlobalSection(ProjectConfigurationPlatforms) = postSolution
		{EE70FA78-C71C-4822-818B-1A2AE124030C}.Debug|Any CPU.ActiveCfg = Debug|Any CPU
		{EE70FA78-C71C-4822-818B-1A2AE124030C}.Debug|Any CPU.Build.0 = Debug|Any CPU
		{EE70FA78-C71C-4822-818B-1A2AE124030C}.Release|Any CPU.ActiveCfg = Release|Any CPU
		{EE70FA78-C71C-4822-818B-1A2AE124030C}.Release|Any CPU.Build.0 = Release|Any CPU
		{5964358C-0564-4CDA-99DD-2C78EF50CF16}.Debug|Any CPU.ActiveCfg = Debug|Any CPU
		{5964358C-0564-4CDA-99DD-2C78EF50CF16}.Debug|Any CPU.Build.0 = Debug|Any CPU
		{5964358C-0564-4CDA-99DD-2C78EF50CF16}.Release|Any CPU.ActiveCfg = Release|Any CPU
		{5964358C-0564-4CDA-99DD-2C78EF50CF16}.Release|Any CPU.Build.0 = Release|Any CPU
		{08A85287-E7F5-48E6-9C5B-4BEFA81DE000}.Debug|Any CPU.ActiveCfg = Debug|Any CPU
		{08A85287-E7F5-48E6-9C5B-4BEFA81DE000}.Debug|Any CPU.Build.0 = Debug|Any CPU
		{08A85287-E7F5-48E6-9C5B-4BEFA81DE000}.Release|Any CPU.ActiveCfg = Release|Any CPU
		{08A85287-E7F5-48E6-9C5B-4BEFA81DE000}.Release|Any CPU.Build.0 = Release|Any CPU
		{58E95EC8-8C08-4687-B4B3-45C61286A9B1}.Debug|Any CPU.ActiveCfg = Debug|Any CPU
		{58E95EC8-8C08-4687-B4B3-45C61286A9B1}.Debug|Any CPU.Build.0 = Debug|Any CPU
		{58E95EC8-8C08-4687-B4B3-45C61286A9B1}.Release|Any CPU.ActiveCfg = Release|Any CPU
		{58E95EC8-8C08-4687-B4B3-45C61286A9B1}.Release|Any CPU.Build.0 = Release|Any CPU
		{CDB30EB0-87E8-4A3A-B714-3D14CD36410C}.Debug|Any CPU.ActiveCfg = Debug|Any CPU
		{CDB30EB0-87E8-4A3A-B714-3D14CD36410C}.Debug|Any CPU.Build.0 = Debug|Any CPU
		{CDB30EB0-87E8-4A3A-B714-3D14CD36410C}.Release|Any CPU.ActiveCfg = Release|Any CPU
		{CDB30EB0-87E8-4A3A-B714-3D14CD36410C}.Release|Any CPU.Build.0 = Release|Any CPU
	EndGlobalSection
	GlobalSection(SolutionProperties) = preSolution
		HideSolutionNode = FALSE
	EndGlobalSection
	GlobalSection(ExtensibilityGlobals) = postSolution
		SolutionGuid = {9E5EC5C4-915E-48BC-A855-B2EDF6F085A4}
	EndGlobalSection
EndGlobal
